// !$*UTF8*$!
{
	archiveVersion = 1;
	classes = {
	};
	objectVersion = 46;
	objects = {

/* Begin PBXBuildFile section */
		EE3B6DC01E61427D00A6D887 /* AppDelegate.swift in Sources */ = {isa = PBXBuildFile; fileRef = EE3B6DBF1E61427D00A6D887 /* AppDelegate.swift */; };
		EE3B6DC21E61427D00A6D887 /* ViewController.swift in Sources */ = {isa = PBXBuildFile; fileRef = EE3B6DC11E61427D00A6D887 /* ViewController.swift */; };
		EE3B6DC51E61427D00A6D887 /* Main.storyboard in Resources */ = {isa = PBXBuildFile; fileRef = EE3B6DC31E61427D00A6D887 /* Main.storyboard */; };
		EE3B6DC71E61427D00A6D887 /* Assets.xcassets in Resources */ = {isa = PBXBuildFile; fileRef = EE3B6DC61E61427D00A6D887 /* Assets.xcassets */; };
		EE3B6DCA1E61427D00A6D887 /* LaunchScreen.storyboard in Resources */ = {isa = PBXBuildFile; fileRef = EE3B6DC81E61427D00A6D887 /* LaunchScreen.storyboard */; };
		EE3B6DD51E61427E00A6D887 /* WATO_Tests.swift in Sources */ = {isa = PBXBuildFile; fileRef = EE3B6DD41E61427E00A6D887 /* WATO_Tests.swift */; };
/* End PBXBuildFile section */

/* Begin PBXContainerItemProxy section */
		EE3B6DD11E61427E00A6D887 /* PBXContainerItemProxy */ = {
			isa = PBXContainerItemProxy;
			containerPortal = EE3B6DB41E61427D00A6D887 /* Project object */;
			proxyType = 1;
			remoteGlobalIDString = EE3B6DBB1E61427D00A6D887;
			remoteInfo = "WATO!";
		};
/* End PBXContainerItemProxy section */

/* Begin PBXFileReference section */
		EE3B6DBC1E61427D00A6D887 /* WATO!.app */ = {isa = PBXFileReference; explicitFileType = wrapper.application; includeInIndex = 0; path = "WATO!.app"; sourceTree = BUILT_PRODUCTS_DIR; };
		EE3B6DBF1E61427D00A6D887 /* AppDelegate.swift */ = {isa = PBXFileReference; lastKnownFileType = sourcecode.swift; path = AppDelegate.swift; sourceTree = "<group>"; };
		EE3B6DC11E61427D00A6D887 /* ViewController.swift */ = {isa = PBXFileReference; lastKnownFileType = sourcecode.swift; path = ViewController.swift; sourceTree = "<group>"; };
		EE3B6DC41E61427D00A6D887 /* Base */ = {isa = PBXFileReference; lastKnownFileType = file.storyboard; name = Base; path = Base.lproj/Main.storyboard; sourceTree = "<group>"; };
		EE3B6DC61E61427D00A6D887 /* Assets.xcassets */ = {isa = PBXFileReference; lastKnownFileType = folder.assetcatalog; path = Assets.xcassets; sourceTree = "<group>"; };
		EE3B6DC91E61427D00A6D887 /* Base */ = {isa = PBXFileReference; lastKnownFileType = file.storyboard; name = Base; path = Base.lproj/LaunchScreen.storyboard; sourceTree = "<group>"; };
		EE3B6DCB1E61427D00A6D887 /* Info.plist */ = {isa = PBXFileReference; lastKnownFileType = text.plist.xml; path = Info.plist; sourceTree = "<group>"; };
		EE3B6DD01E61427E00A6D887 /* WATO!Tests.xctest */ = {isa = PBXFileReference; explicitFileType = wrapper.cfbundle; includeInIndex = 0; path = "WATO!Tests.xctest"; sourceTree = BUILT_PRODUCTS_DIR; };
		EE3B6DD41E61427E00A6D887 /* WATO_Tests.swift */ = {isa = PBXFileReference; lastKnownFileType = sourcecode.swift; path = WATO_Tests.swift; sourceTree = "<group>"; };
		EE3B6DD61E61427E00A6D887 /* Info.plist */ = {isa = PBXFileReference; lastKnownFileType = text.plist.xml; path = Info.plist; sourceTree = "<group>"; };
/* End PBXFileReference section */

/* Begin PBXFrameworksBuildPhase section */
		EE3B6DB91E61427D00A6D887 /* Frameworks */ = {
			isa = PBXFrameworksBuildPhase;
			buildActionMask = 2147483647;
			files = (
			);
			runOnlyForDeploymentPostprocessing = 0;
		};
		EE3B6DCD1E61427E00A6D887 /* Frameworks */ = {
			isa = PBXFrameworksBuildPhase;
			buildActionMask = 2147483647;
			files = (
			);
			runOnlyForDeploymentPostprocessing = 0;
		};
/* End PBXFrameworksBuildPhase section */

/* Begin PBXGroup section */
		EE3B6DB31E61427D00A6D887 = {
			isa = PBXGroup;
			children = (
				EE3B6DBE1E61427D00A6D887 /* WATO! */,
				EE3B6DD31E61427E00A6D887 /* WATO!Tests */,
				EE3B6DBD1E61427D00A6D887 /* Products */,
			);
			sourceTree = "<group>";
		};
		EE3B6DBD1E61427D00A6D887 /* Products */ = {
			isa = PBXGroup;
			children = (
				EE3B6DBC1E61427D00A6D887 /* WATO!.app */,
				EE3B6DD01E61427E00A6D887 /* WATO!Tests.xctest */,
			);
			name = Products;
			sourceTree = "<group>";
		};
		EE3B6DBE1E61427D00A6D887 /* WATO! */ = {
			isa = PBXGroup;
			children = (
				EE3B6DBF1E61427D00A6D887 /* AppDelegate.swift */,
				EE3B6DC11E61427D00A6D887 /* ViewController.swift */,
				EE3B6DC31E61427D00A6D887 /* Main.storyboard */,
				EE3B6DC61E61427D00A6D887 /* Assets.xcassets */,
				EE3B6DC81E61427D00A6D887 /* LaunchScreen.storyboard */,
				EE3B6DCB1E61427D00A6D887 /* Info.plist */,
			);
			path = "WATO!";
			sourceTree = "<group>";
		};
		EE3B6DD31E61427E00A6D887 /* WATO!Tests */ = {
			isa = PBXGroup;
			children = (
				EE3B6DD41E61427E00A6D887 /* WATO_Tests.swift */,
				EE3B6DD61E61427E00A6D887 /* Info.plist */,
			);
			path = "WATO!Tests";
			sourceTree = "<group>";
		};
/* End PBXGroup section */

/* Begin PBXNativeTarget section */
		EE3B6DBB1E61427D00A6D887 /* WATO! */ = {
			isa = PBXNativeTarget;
			buildConfigurationList = EE3B6DD91E61427E00A6D887 /* Build configuration list for PBXNativeTarget "WATO!" */;
			buildPhases = (
				EE3B6DB81E61427D00A6D887 /* Sources */,
				EE3B6DB91E61427D00A6D887 /* Frameworks */,
				EE3B6DBA1E61427D00A6D887 /* Resources */,
			);
			buildRules = (
			);
			dependencies = (
			);
			name = "WATO!";
			productName = "WATO!";
			productReference = EE3B6DBC1E61427D00A6D887 /* WATO!.app */;
			productType = "com.apple.product-type.application";
		};
		EE3B6DCF1E61427E00A6D887 /* WATO!Tests */ = {
			isa = PBXNativeTarget;
			buildConfigurationList = EE3B6DDC1E61427E00A6D887 /* Build configuration list for PBXNativeTarget "WATO!Tests" */;
			buildPhases = (
				EE3B6DCC1E61427E00A6D887 /* Sources */,
				EE3B6DCD1E61427E00A6D887 /* Frameworks */,
				EE3B6DCE1E61427E00A6D887 /* Resources */,
			);
			buildRules = (
			);
			dependencies = (
				EE3B6DD21E61427E00A6D887 /* PBXTargetDependency */,
			);
			name = "WATO!Tests";
			productName = "WATO!Tests";
			productReference = EE3B6DD01E61427E00A6D887 /* WATO!Tests.xctest */;
			productType = "com.apple.product-type.bundle.unit-test";
		};
/* End PBXNativeTarget section */

/* Begin PBXProject section */
		EE3B6DB41E61427D00A6D887 /* Project object */ = {
			isa = PBXProject;
			attributes = {
				LastSwiftUpdateCheck = 0820;
				LastUpgradeCheck = 0820;
				ORGANIZATIONNAME = KailuCr8;
				TargetAttributes = {
					EE3B6DBB1E61427D00A6D887 = {
						CreatedOnToolsVersion = 8.2.1;
						ProvisioningStyle = Automatic;
					};
					EE3B6DCF1E61427E00A6D887 = {
						CreatedOnToolsVersion = 8.2.1;
						ProvisioningStyle = Automatic;
						TestTargetID = EE3B6DBB1E61427D00A6D887;
					};
				};
			};
			buildConfigurationList = EE3B6DB71E61427D00A6D887 /* Build configuration list for PBXProject "WATO!" */;
			compatibilityVersion = "Xcode 3.2";
			developmentRegion = English;
			hasScannedForEncodings = 0;
			knownRegions = (
				en,
				Base,
			);
			mainGroup = EE3B6DB31E61427D00A6D887;
			productRefGroup = EE3B6DBD1E61427D00A6D887 /* Products */;
			projectDirPath = "";
			projectRoot = "";
			targets = (
				EE3B6DBB1E61427D00A6D887 /* WATO! */,
				EE3B6DCF1E61427E00A6D887 /* WATO!Tests */,
			);
		};
/* End PBXProject section */

/* Begin PBXResourcesBuildPhase section */
		EE3B6DBA1E61427D00A6D887 /* Resources */ = {
			isa = PBXResourcesBuildPhase;
			buildActionMask = 2147483647;
			files = (
				EE3B6DCA1E61427D00A6D887 /* LaunchScreen.storyboard in Resources */,
				EE3B6DC71E61427D00A6D887 /* Assets.xcassets in Resources */,
				EE3B6DC51E61427D00A6D887 /* Main.storyboard in Resources */,
			);
			runOnlyForDeploymentPostprocessing = 0;
		};
		EE3B6DCE1E61427E00A6D887 /* Resources */ = {
			isa = PBXResourcesBuildPhase;
			buildActionMask = 2147483647;
			files = (
			);
			runOnlyForDeploymentPostprocessing = 0;
		};
/* End PBXResourcesBuildPhase section */

/* Begin PBXSourcesBuildPhase section */
		EE3B6DB81E61427D00A6D887 /* Sources */ = {
			isa = PBXSourcesBuildPhase;
			buildActionMask = 2147483647;
			files = (
				EE3B6DC21E61427D00A6D887 /* ViewController.swift in Sources */,
				EE3B6DC01E61427D00A6D887 /* AppDelegate.swift in Sources */,
			);
			runOnlyForDeploymentPostprocessing = 0;
		};
		EE3B6DCC1E61427E00A6D887 /* Sources */ = {
			isa = PBXSourcesBuildPhase;
			buildActionMask = 2147483647;
			files = (
				EE3B6DD51E61427E00A6D887 /* WATO_Tests.swift in Sources */,
			);
			runOnlyForDeploymentPostprocessing = 0;
		};
/* End PBXSourcesBuildPhase section */

/* Begin PBXTargetDependency section */
		EE3B6DD21E61427E00A6D887 /* PBXTargetDependency */ = {
			isa = PBXTargetDependency;
			target = EE3B6DBB1E61427D00A6D887 /* WATO! */;
			targetProxy = EE3B6DD11E61427E00A6D887 /* PBXContainerItemProxy */;
		};
/* End PBXTargetDependency section */

/* Begin PBXVariantGroup section */
		EE3B6DC31E61427D00A6D887 /* Main.storyboard */ = {
			isa = PBXVariantGroup;
			children = (
				EE3B6DC41E61427D00A6D887 /* Base */,
			);
			name = Main.storyboard;
			sourceTree = "<group>";
		};
		EE3B6DC81E61427D00A6D887 /* LaunchScreen.storyboard */ = {
			isa = PBXVariantGroup;
			children = (
				EE3B6DC91E61427D00A6D887 /* Base */,
			);
			name = LaunchScreen.storyboard;
			sourceTree = "<group>";
		};
/* End PBXVariantGroup section */

/* Begin XCBuildConfiguration section */
		EE3B6DD71E61427E00A6D887 /* Debug */ = {
			isa = XCBuildConfiguration;
			buildSettings = {
				ALWAYS_SEARCH_USER_PATHS = NO;
				CLANG_ANALYZER_NONNULL = YES;
				CLANG_CXX_LANGUAGE_STANDARD = "gnu++0x";
				CLANG_CXX_LIBRARY = "libc++";
				CLANG_ENABLE_MODULES = YES;
				CLANG_ENABLE_OBJC_ARC = YES;
				CLANG_WARN_BOOL_CONVERSION = YES;
				CLANG_WARN_CONSTANT_CONVERSION = YES;
				CLANG_WARN_DIRECT_OBJC_ISA_USAGE = YES_ERROR;
				CLANG_WARN_DOCUMENTATION_COMMENTS = YES;
				CLANG_WARN_EMPTY_BODY = YES;
				CLANG_WARN_ENUM_CONVERSION = YES;
				CLANG_WARN_INFINITE_RECURSION = YES;
				CLANG_WARN_INT_CONVERSION = YES;
				CLANG_WARN_OBJC_ROOT_CLASS = YES_ERROR;
				CLANG_WARN_SUSPICIOUS_MOVE = YES;
				CLANG_WARN_UNREACHABLE_CODE = YES;
				CLANG_WARN__DUPLICATE_METHOD_MATCH = YES;
				"CODE_SIGN_IDENTITY[sdk=iphoneos*]" = "iPhone Developer";
				COPY_PHASE_STRIP = NO;
				DEBUG_INFORMATION_FORMAT = dwarf;
				ENABLE_STRICT_OBJC_MSGSEND = YES;
				ENABLE_TESTABILITY = YES;
				GCC_C_LANGUAGE_STANDARD = gnu99;
				GCC_DYNAMIC_NO_PIC = NO;
				GCC_NO_COMMON_BLOCKS = YES;
				GCC_OPTIMIZATION_LEVEL = 0;
				GCC_PREPROCESSOR_DEFINITIONS = (
					"DEBUG=1",
					"$(inherited)",
				);
				GCC_WARN_64_TO_32_BIT_CONVERSION = YES;
				GCC_WARN_ABOUT_RETURN_TYPE = YES_ERROR;
				GCC_WARN_UNDECLARED_SELECTOR = YES;
				GCC_WARN_UNINITIALIZED_AUTOS = YES_AGGRESSIVE;
				GCC_WARN_UNUSED_FUNCTION = YES;
				GCC_WARN_UNUSED_VARIABLE = YES;
				IPHONEOS_DEPLOYMENT_TARGET = 10.2;
				MTL_ENABLE_DEBUG_INFO = YES;
				ONLY_ACTIVE_ARCH = YES;
				SDKROOT = iphoneos;
				SWIFT_ACTIVE_COMPILATION_CONDITIONS = DEBUG;
				SWIFT_OPTIMIZATION_LEVEL = "-Onone";
				TARGETED_DEVICE_FAMILY = "1,2";
			};
			name = Debug;
		};
		EE3B6DD81E61427E00A6D887 /* Release */ = {
			isa = XCBuildConfiguration;
			buildSettings = {
				ALWAYS_SEARCH_USER_PATHS = NO;
				CLANG_ANALYZER_NONNULL = YES;
				CLANG_CXX_LANGUAGE_STANDARD = "gnu++0x";
				CLANG_CXX_LIBRARY = "libc++";
				CLANG_ENABLE_MODULES = YES;
				CLANG_ENABLE_OBJC_ARC = YES;
				CLANG_WARN_BOOL_CONVERSION = YES;
				CLANG_WARN_CONSTANT_CONVERSION = YES;
				CLANG_WARN_DIRECT_OBJC_ISA_USAGE = YES_ERROR;
				CLANG_WARN_DOCUMENTATION_COMMENTS = YES;
				CLANG_WARN_EMPTY_BODY = YES;
				CLANG_WARN_ENUM_CONVERSION = YES;
				CLANG_WARN_INFINITE_RECURSION = YES;
				CLANG_WARN_INT_CONVERSION = YES;
				CLANG_WARN_OBJC_ROOT_CLASS = YES_ERROR;
				CLANG_WARN_SUSPICIOUS_MOVE = YES;
				CLANG_WARN_UNREACHABLE_CODE = YES;
				CLANG_WARN__DUPLICATE_METHOD_MATCH = YES;
				"CODE_SIGN_IDENTITY[sdk=iphoneos*]" = "iPhone Developer";
				COPY_PHASE_STRIP = NO;
				DEBUG_INFORMATION_FORMAT = "dwarf-with-dsym";
				ENABLE_NS_ASSERTIONS = NO;
				ENABLE_STRICT_OBJC_MSGSEND = YES;
				GCC_C_LANGUAGE_STANDARD = gnu99;
				GCC_NO_COMMON_BLOCKS = YES;
				GCC_WARN_64_TO_32_BIT_CONVERSION = YES;
				GCC_WARN_ABOUT_RETURN_TYPE = YES_ERROR;
				GCC_WARN_UNDECLARED_SELECTOR = YES;
				GCC_WARN_UNINITIALIZED_AUTOS = YES_AGGRESSIVE;
				GCC_WARN_UNUSED_FUNCTION = YES;
				GCC_WARN_UNUSED_VARIABLE = YES;
				IPHONEOS_DEPLOYMENT_TARGET = 10.2;
				MTL_ENABLE_DEBUG_INFO = NO;
				SDKROOT = iphoneos;
				SWIFT_OPTIMIZATION_LEVEL = "-Owholemodule";
				TARGETED_DEVICE_FAMILY = "1,2";
				VALIDATE_PRODUCT = YES;
			};
			name = Release;
		};
		EE3B6DDA1E61427E00A6D887 /* Debug */ = {
			isa = XCBuildConfiguration;
			buildSettings = {
				ASSETCATALOG_COMPILER_APPICON_NAME = AppIcon;
				INFOPLIST_FILE = "WATO!/Info.plist";
				LD_RUNPATH_SEARCH_PATHS = "$(inherited) @executable_path/Frameworks";
				PRODUCT_BUNDLE_IDENTIFIER = "Kailu.WATO-";
				PRODUCT_NAME = "$(TARGET_NAME)";
				SWIFT_VERSION = 3.0;
			};
			name = Debug;
		};
		EE3B6DDB1E61427E00A6D887 /* Release */ = {
			isa = XCBuildConfiguration;
			buildSettings = {
				ASSETCATALOG_COMPILER_APPICON_NAME = AppIcon;
				INFOPLIST_FILE = "WATO!/Info.plist";
				LD_RUNPATH_SEARCH_PATHS = "$(inherited) @executable_path/Frameworks";
				PRODUCT_BUNDLE_IDENTIFIER = "Kailu.WATO-";
				PRODUCT_NAME = "$(TARGET_NAME)";
				SWIFT_VERSION = 3.0;
			};
			name = Release;
		};
		EE3B6DDD1E61427E00A6D887 /* Debug */ = {
			isa = XCBuildConfiguration;
			buildSettings = {
				ALWAYS_EMBED_SWIFT_STANDARD_LIBRARIES = YES;
				BUNDLE_LOADER = "$(TEST_HOST)";
				INFOPLIST_FILE = "WATO!Tests/Info.plist";
				LD_RUNPATH_SEARCH_PATHS = "$(inherited) @executable_path/Frameworks @loader_path/Frameworks";
				PRODUCT_BUNDLE_IDENTIFIER = "Kailu.WATO-Tests";
				PRODUCT_NAME = "$(TARGET_NAME)";
				SWIFT_VERSION = 3.0;
				TEST_HOST = "$(BUILT_PRODUCTS_DIR)/WATO!.app/WATO!";
			};
			name = Debug;
		};
		EE3B6DDE1E61427E00A6D887 /* Release */ = {
			isa = XCBuildConfiguration;
			buildSettings = {
				ALWAYS_EMBED_SWIFT_STANDARD_LIBRARIES = YES;
				BUNDLE_LOADER = "$(TEST_HOST)";
				INFOPLIST_FILE = "WATO!Tests/Info.plist";
				LD_RUNPATH_SEARCH_PATHS = "$(inherited) @executable_path/Frameworks @loader_path/Frameworks";
				PRODUCT_BUNDLE_IDENTIFIER = "Kailu.WATO-Tests";
				PRODUCT_NAME = "$(TARGET_NAME)";
				SWIFT_VERSION = 3.0;
				TEST_HOST = "$(BUILT_PRODUCTS_DIR)/WATO!.app/WATO!";
			};
			name = Release;
		};
/* End XCBuildConfiguration section */

/* Begin XCConfigurationList section */
		EE3B6DB71E61427D00A6D887 /* Build configuration list for PBXProject "WATO!" */ = {
			isa = XCConfigurationList;
			buildConfigurations = (
				EE3B6DD71E61427E00A6D887 /* Debug */,
				EE3B6DD81E61427E00A6D887 /* Release */,
			);
			defaultConfigurationIsVisible = 0;
			defaultConfigurationName = Release;
		};
		EE3B6DD91E61427E00A6D887 /* Build configuration list for PBXNativeTarget "WATO!" */ = {
			isa = XCConfigurationList;
			buildConfigurations = (
				EE3B6DDA1E61427E00A6D887 /* Debug */,
				EE3B6DDB1E61427E00A6D887 /* Release */,
			);
			defaultConfigurationIsVisible = 0;
		};
		EE3B6DDC1E61427E00A6D887 /* Build configuration list for PBXNativeTarget "WATO!Tests" */ = {
			isa = XCConfigurationList;
			buildConfigurations = (
				EE3B6DDD1E61427E00A6D887 /* Debug */,
				EE3B6DDE1E61427E00A6D887 /* Release */,
			);
			defaultConfigurationIsVisible = 0;
		};
/* End XCConfigurationList section */
	};
	rootObject = EE3B6DB41E61427D00A6D887 /* Project object */;
}
